# This file was autogenerated by Stack.
# You should not edit this file by hand.
# For more information, please see the documentation at:
#   https://docs.haskellstack.org/en/stable/lock_files

packages:
- completed:
    hackage: th-env-0.1.0.1@sha256:960423c1951e3c36ba62d5286c7fa859095d41a309c4ea13c2d90abfe5d35bca,1171
    pantry-tree:
      size: 370
      sha256: bfbb41d856bdb5c678f678a4af9ee4a96ad9aa73460444f12d952e9901df2940
  original:
    hackage: th-env-0.1.0.1@sha256:960423c1951e3c36ba62d5286c7fa859095d41a309c4ea13c2d90abfe5d35bca,1171
- completed:
    hackage: with-utf8-1.0.2.1@sha256:95c02fffa643ddbeb092359802a512007c3e644cd509809f4716ad54592c437b,3057
    pantry-tree:
      size: 1051
      sha256: deefc9cb555816e71476d7949a466a461011bcef109555f25f80fab1f9ee8bc0
  original:
    hackage: with-utf8-1.0.2.1
- completed:
    hackage: parsec-3.1.14.0@sha256:63a4555d6ea2aaccd8588fc809e5d137e72b668898ab3b171ce8458b792f0f36,4356
    pantry-tree:
      size: 2574
      sha256: c17cc12ba9a912521d58d8bcee07830351fe27483d9309ebdac8e32175e10706
  original:
    hackage: parsec-3.1.14.0
snapshots:
- completed:
    size: 496111
    url: https://raw.githubusercontent.com/commercialhaskell/stackage-snapshots/master/lts/15/14.yaml
    sha256: c442d702d66b8c129b3473a32c609050aabf1dc2f8e8502402c143271a8fb141
  original: lts-15.14
